
Microsoft Visual Studio Solution File, Format Version 12.00
# Visual Studio 15
VisualStudioVersion = 15.0.27130.2027
MinimumVisualStudioVersion = 10.0.40219.1
Project("{FAE04EC0-301F-11D3-BF4B-00C04F79EFBC}") = "Github Example", "Github Example\Github Example.csproj", "{B13903B6-7674-4FFF-A62F-43DE11ECE723}"
EndProject
Global
	GlobalSection(SolutionConfigurationPlatforms) = preSolution
		Debug|Any CPU = Debug|Any CPU
		Release|Any CPU = Release|Any CPU
	EndGlobalSection
	GlobalSection(ProjectConfigurationPlatforms) = postSolution
		{B13903B6-7674-4FFF-A62F-43DE11ECE723}.Debug|Any CPU.ActiveCfg = Debug|Any CPU
		{B13903B6-7674-4FFF-A62F-43DE11ECE723}.Debug|Any CPU.Build.0 = Debug|Any CPU
		{B13903B6-7674-4FFF-A62F-43DE11ECE723}.Release|Any CPU.ActiveCfg = Release|Any CPU
		{B13903B6-7674-4FFF-A62F-43DE11ECE723}.Release|Any CPU.Build.0 = Release|Any CPU
	EndGlobalSection
	GlobalSection(SolutionProperties) = preSolution
		HideSolutionNode = FALSE
	EndGlobalSection
	GlobalSection(ExtensibilityGlobals) = postSolution
		SolutionGuid = {707EF1D1-A3D9-41B2-AF2C-D99114F321BD}
	EndGlobalSection
EndGlobal
